
Microsoft Visual Studio Solution File, Format Version 12.00
# Visual Studio Version 17
VisualStudioVersion = 17.2.32616.157
MinimumVisualStudioVersion = 10.0.40219.1
Project("{FAE04EC0-301F-11D3-BF4B-00C04F79EFBC}") = "WebApplication46", "WebApplication46\WebApplication46.csproj", "{3854BE1B-5AD4-4665-B2F7-710EE0E7C70B}"
EndProject
Global
	GlobalSection(SolutionConfigurationPlatforms) = preSolution
		Debug|Any CPU = Debug|Any CPU
		Release|Any CPU = Release|Any CPU
	EndGlobalSection
	GlobalSection(ProjectConfigurationPlatforms) = postSolution
		{3854BE1B-5AD4-4665-B2F7-710EE0E7C70B}.Debug|Any CPU.ActiveCfg = Debug|Any CPU
		{3854BE1B-5AD4-4665-B2F7-710EE0E7C70B}.Debug|Any CPU.Build.0 = Debug|Any CPU
		{3854BE1B-5AD4-4665-B2F7-710EE0E7C70B}.Release|Any CPU.ActiveCfg = Release|Any CPU
		{3854BE1B-5AD4-4665-B2F7-710EE0E7C70B}.Release|Any CPU.Build.0 = Release|Any CPU
	EndGlobalSection
	GlobalSection(SolutionProperties) = preSolution
		HideSolutionNode = FALSE
	EndGlobalSection
	GlobalSection(ExtensibilityGlobals) = postSolution
		SolutionGuid = {5B6BF1D7-BD46-4413-81D2-A04018B62761}
	EndGlobalSection
EndGlobal
